
Microsoft Visual Studio Solution File, Format Version 12.00
# Visual Studio Version 17
VisualStudioVersion = 17.14.36401.2 d17.14
MinimumVisualStudioVersion = 10.0.40219.1
Project("{FAE04EC0-301F-11D3-BF4B-00C04F79EFBC}") = "GameshotSaver", "GameshotSaver\GameshotSaver.csproj", "{C7A9A4A6-F8DD-464F-91E8-00ADB3461DEF}"
EndProject
Global
	GlobalSection(SolutionConfigurationPlatforms) = preSolution
		Debug|Any CPU = Debug|Any CPU
		Release|Any CPU = Release|Any CPU
	EndGlobalSection
	GlobalSection(ProjectConfigurationPlatforms) = postSolution
		{C7A9A4A6-F8DD-464F-91E8-00ADB3461DEF}.Debug|Any CPU.ActiveCfg = Debug|Any CPU
		{C7A9A4A6-F8DD-464F-91E8-00ADB3461DEF}.Debug|Any CPU.Build.0 = Debug|Any CPU
		{C7A9A4A6-F8DD-464F-91E8-00ADB3461DEF}.Release|Any CPU.ActiveCfg = Release|Any CPU
		{C7A9A4A6-F8DD-464F-91E8-00ADB3461DEF}.Release|Any CPU.Build.0 = Release|Any CPU
	EndGlobalSection
	GlobalSection(SolutionProperties) = preSolution
		HideSolutionNode = FALSE
	EndGlobalSection
	GlobalSection(ExtensibilityGlobals) = postSolution
		SolutionGuid = {2A1A226B-4502-4AB7-A26D-EFCD2DDF77E8}
	EndGlobalSection
EndGlobal
